
Microsoft Visual Studio Solution File, Format Version 12.00
# Visual Studio 14
VisualStudioVersion = 14.0.25420.1
MinimumVisualStudioVersion = 10.0.40219.1
Project("{FAE04EC0-301F-11D3-BF4B-00C04F79EFBC}") = "VacationPolicyWeb", "VacationPolicyWeb\VacationPolicyWeb.csproj", "{9D1B35A8-4970-4410-A3B2-0F36961E0D7F}"
EndProject
Project("{FAE04EC0-301F-11D3-BF4B-00C04F79EFBC}") = "VacationPolicyBL", "VacationPolicyBL\VacationPolicyBL.csproj", "{66DC1208-42E4-427D-887E-F83C2D5812D7}"
EndProject
Project("{FAE04EC0-301F-11D3-BF4B-00C04F79EFBC}") = "VacationPolicyDAL", "VacationPolicyDAL\VacationPolicyDAL.csproj", "{D57479D1-459D-4007-A6C8-B3BEC368EE5C}"
EndProject
Global
	GlobalSection(SolutionConfigurationPlatforms) = preSolution
		Debug|Any CPU = Debug|Any CPU
		Release|Any CPU = Release|Any CPU
	EndGlobalSection
	GlobalSection(ProjectConfigurationPlatforms) = postSolution
		{9D1B35A8-4970-4410-A3B2-0F36961E0D7F}.Debug|Any CPU.ActiveCfg = Debug|Any CPU
		{9D1B35A8-4970-4410-A3B2-0F36961E0D7F}.Debug|Any CPU.Build.0 = Debug|Any CPU
		{9D1B35A8-4970-4410-A3B2-0F36961E0D7F}.Release|Any CPU.ActiveCfg = Release|Any CPU
		{9D1B35A8-4970-4410-A3B2-0F36961E0D7F}.Release|Any CPU.Build.0 = Release|Any CPU
		{66DC1208-42E4-427D-887E-F83C2D5812D7}.Debug|Any CPU.ActiveCfg = Debug|Any CPU
		{66DC1208-42E4-427D-887E-F83C2D5812D7}.Debug|Any CPU.Build.0 = Debug|Any CPU
		{66DC1208-42E4-427D-887E-F83C2D5812D7}.Release|Any CPU.ActiveCfg = Release|Any CPU
		{66DC1208-42E4-427D-887E-F83C2D5812D7}.Release|Any CPU.Build.0 = Release|Any CPU
		{D57479D1-459D-4007-A6C8-B3BEC368EE5C}.Debug|Any CPU.ActiveCfg = Debug|Any CPU
		{D57479D1-459D-4007-A6C8-B3BEC368EE5C}.Debug|Any CPU.Build.0 = Debug|Any CPU
		{D57479D1-459D-4007-A6C8-B3BEC368EE5C}.Release|Any CPU.ActiveCfg = Release|Any CPU
		{D57479D1-459D-4007-A6C8-B3BEC368EE5C}.Release|Any CPU.Build.0 = Release|Any CPU
	EndGlobalSection
	GlobalSection(SolutionProperties) = preSolution
		HideSolutionNode = FALSE
	EndGlobalSection
EndGlobal
